// !$*UTF8*$!
{
	archiveVersion = 1;
	classes = {
	};
	objectVersion = 46;
	objects = {

/* Begin PBXBuildFile section */
		661493631E0DA33F000B87C8 /* GithubPollerTests.swift in Sources */ = {isa = PBXBuildFile; fileRef = 661493621E0DA33F000B87C8 /* GithubPollerTests.swift */; };
		661493651E0DA715000B87C8 /* notifications.json in Resources */ = {isa = PBXBuildFile; fileRef = 661493641E0DA715000B87C8 /* notifications.json */; };
		662882261E0B058200589D1E /* RSResolutionCheckboxCell.swift in Sources */ = {isa = PBXBuildFile; fileRef = 662882251E0B058200589D1E /* RSResolutionCheckboxCell.swift */; };
		662B928B1E0C679100CEDD09 /* ResolutionsSourceViewController.swift in Sources */ = {isa = PBXBuildFile; fileRef = 662B928A1E0C679100CEDD09 /* ResolutionsSourceViewController.swift */; };
		662B928D1E0C836B00CEDD09 /* ResolutionsSplitViewController.swift in Sources */ = {isa = PBXBuildFile; fileRef = 662B928C1E0C836B00CEDD09 /* ResolutionsSplitViewController.swift */; };
		662ED6351E95A48C007E0E39 /* GithubEvent.swift in Sources */ = {isa = PBXBuildFile; fileRef = 662ED6341E95A48C007E0E39 /* GithubEvent.swift */; };
		66443AA11E931D0C006A269D /* ResolutionMO+CoreDataClass.swift in Sources */ = {isa = PBXBuildFile; fileRef = 66443A9F1E931D0C006A269D /* ResolutionMO+CoreDataClass.swift */; };
		66443AA21E931D0C006A269D /* ResolutionMO+CoreDataProperties.swift in Sources */ = {isa = PBXBuildFile; fileRef = 66443AA01E931D0C006A269D /* ResolutionMO+CoreDataProperties.swift */; };
		66443AA61E94625F006A269D /* ResolutionsTableViewController.swift in Sources */ = {isa = PBXBuildFile; fileRef = 66443AA51E94625F006A269D /* ResolutionsTableViewController.swift */; };
		6646772C1E09A25F009C8156 /* GithubAPIClient.swift in Sources */ = {isa = PBXBuildFile; fileRef = 6646772B1E09A25F009C8156 /* GithubAPIClient.swift */; };
		6664C59F1E9D7FD70067C6E3 /* DataModel.xcdatamodeld in Sources */ = {isa = PBXBuildFile; fileRef = 66B37A631E92B02D00FDC343 /* DataModel.xcdatamodeld */; };
		6670B6921E9DA27300C83F6D /* GithubLabel.swift in Sources */ = {isa = PBXBuildFile; fileRef = 6670B6911E9DA27300C83F6D /* GithubLabel.swift */; };
		66837E071E089C2700F70E8D /* AppDelegate.swift in Sources */ = {isa = PBXBuildFile; fileRef = 66837E061E089C2700F70E8D /* AppDelegate.swift */; };
		66837E0B1E089C2700F70E8D /* Assets.xcassets in Resources */ = {isa = PBXBuildFile; fileRef = 66837E0A1E089C2700F70E8D /* Assets.xcassets */; };
		66837E0E1E089C2700F70E8D /* Main.storyboard in Resources */ = {isa = PBXBuildFile; fileRef = 66837E0C1E089C2700F70E8D /* Main.storyboard */; };
		66837E191E089C2700F70E8D /* ResolutionsTests.swift in Sources */ = {isa = PBXBuildFile; fileRef = 66837E181E089C2700F70E8D /* ResolutionsTests.swift */; };
		668484851E09E33F00119C07 /* GithubPoller.swift in Sources */ = {isa = PBXBuildFile; fileRef = 668484841E09E33F00119C07 /* GithubPoller.swift */; };
		6695D06F1E92CDAE0057E54B /* MainWindowViewController.swift in Sources */ = {isa = PBXBuildFile; fileRef = 6695D06E1E92CDAE0057E54B /* MainWindowViewController.swift */; };
		669AE2AD1E98258D0060FF3D /* GithubActor.swift in Sources */ = {isa = PBXBuildFile; fileRef = 669AE2AC1E98258D0060FF3D /* GithubActor.swift */; };
		669AE2AF1E9C47650060FF3D /* GithubIssue.swift in Sources */ = {isa = PBXBuildFile; fileRef = 669AE2AE1E9C47650060FF3D /* GithubIssue.swift */; };
		669AE2B11E9C503A0060FF3D /* JSONBacked.swift in Sources */ = {isa = PBXBuildFile; fileRef = 669AE2B01E9C503A0060FF3D /* JSONBacked.swift */; };
		66A77D061E09D4E2009602B7 /* RequestPoller.swift in Sources */ = {isa = PBXBuildFile; fileRef = 66A77D051E09D4E2009602B7 /* RequestPoller.swift */; };
		66AF24E31E0DBB23003E604C /* issueCommentEvents.json in Resources */ = {isa = PBXBuildFile; fileRef = 66AF24E21E0DBB23003E604C /* issueCommentEvents.json */; };
		66AF24E51E0DCE56003E604C /* magicIssueCommentEvents.json in Resources */ = {isa = PBXBuildFile; fileRef = 66AF24E41E0DCE56003E604C /* magicIssueCommentEvents.json */; };
		66B06C6F1E09A45700F203F6 /* Alamofire.framework.dSYM in CopyFiles */ = {isa = PBXBuildFile; fileRef = 66B06C6D1E09A45700F203F6 /* Alamofire.framework.dSYM */; };
		66B06C701E09A45700F203F6 /* SwiftyJSON.framework.dSYM in CopyFiles */ = {isa = PBXBuildFile; fileRef = 66B06C6E1E09A45700F203F6 /* SwiftyJSON.framework.dSYM */; };
		66B06C731E09A46500F203F6 /* Alamofire.framework in Frameworks */ = {isa = PBXBuildFile; fileRef = 66B06C711E09A46500F203F6 /* Alamofire.framework */; };
		66B06C741E09A46500F203F6 /* Alamofire.framework in Embed Frameworks */ = {isa = PBXBuildFile; fileRef = 66B06C711E09A46500F203F6 /* Alamofire.framework */; settings = {ATTRIBUTES = (CodeSignOnCopy, RemoveHeadersOnCopy, ); }; };
		66B06C751E09A46500F203F6 /* SwiftyJSON.framework in Frameworks */ = {isa = PBXBuildFile; fileRef = 66B06C721E09A46500F203F6 /* SwiftyJSON.framework */; };
		66B06C761E09A46500F203F6 /* SwiftyJSON.framework in Embed Frameworks */ = {isa = PBXBuildFile; fileRef = 66B06C721E09A46500F203F6 /* SwiftyJSON.framework */; settings = {ATTRIBUTES = (CodeSignOnCopy, RemoveHeadersOnCopy, ); }; };
		66B06C791E09A87400F203F6 /* PMKAlamofire.framework in Frameworks */ = {isa = PBXBuildFile; fileRef = 66B06C771E09A87400F203F6 /* PMKAlamofire.framework */; };
		66B06C7A1E09A87400F203F6 /* PMKAlamofire.framework in Embed Frameworks */ = {isa = PBXBuildFile; fileRef = 66B06C771E09A87400F203F6 /* PMKAlamofire.framework */; settings = {ATTRIBUTES = (CodeSignOnCopy, RemoveHeadersOnCopy, ); }; };
		66B06C7B1E09A87400F203F6 /* PromiseKit.framework in Frameworks */ = {isa = PBXBuildFile; fileRef = 66B06C781E09A87400F203F6 /* PromiseKit.framework */; };
		66B06C7C1E09A87400F203F6 /* PromiseKit.framework in Embed Frameworks */ = {isa = PBXBuildFile; fileRef = 66B06C781E09A87400F203F6 /* PromiseKit.framework */; settings = {ATTRIBUTES = (CodeSignOnCopy, RemoveHeadersOnCopy, ); }; };
		66B06C7E1E09B12000F203F6 /* RSPreferencesViewController.swift in Sources */ = {isa = PBXBuildFile; fileRef = 66B06C7D1E09B12000F203F6 /* RSPreferencesViewController.swift */; };
		66B06C821E09B46A00F203F6 /* PMKAlamofire.framework.dSYM in CopyFiles */ = {isa = PBXBuildFile; fileRef = 66B06C7F1E09B46A00F203F6 /* PMKAlamofire.framework.dSYM */; };
		66B06C831E09B46A00F203F6 /* PromiseKit.framework.dSYM in CopyFiles */ = {isa = PBXBuildFile; fileRef = 66B06C801E09B46A00F203F6 /* PromiseKit.framework.dSYM */; };
		66B3E01E1E0B4F7100D66F43 /* NSRegularExpression+Resolutions.swift in Sources */ = {isa = PBXBuildFile; fileRef = 66B3E01D1E0B4F7100D66F43 /* NSRegularExpression+Resolutions.swift */; };
		66D2CF6B1E92E8020030FD54 /* GithubRepoMO+Resolutions.swift in Sources */ = {isa = PBXBuildFile; fileRef = 66D2CF6A1E92E8020030FD54 /* GithubRepoMO+Resolutions.swift */; };
		66D2CF6F1E92FB7F0030FD54 /* GithubNotification.swift in Sources */ = {isa = PBXBuildFile; fileRef = 66D2CF6E1E92FB7F0030FD54 /* GithubNotification.swift */; };
		66F4692A1E08FDD900E1D80C /* RSWindowController.swift in Sources */ = {isa = PBXBuildFile; fileRef = 66F469281E08FDD900E1D80C /* RSWindowController.swift */; };
/* End PBXBuildFile section */

/* Begin PBXContainerItemProxy section */
		66837E151E089C2700F70E8D /* PBXContainerItemProxy */ = {
			isa = PBXContainerItemProxy;
			containerPortal = 66837DFB1E089C2700F70E8D /* Project object */;
			proxyType = 1;
			remoteGlobalIDString = 66837E021E089C2700F70E8D;
			remoteInfo = Resolutions;
		};
/* End PBXContainerItemProxy section */

/* Begin PBXCopyFilesBuildPhase section */
		66837E261E08A42100F70E8D /* Embed Frameworks */ = {
			isa = PBXCopyFilesBuildPhase;
			buildActionMask = 2147483647;
			dstPath = "";
			dstSubfolderSpec = 10;
			files = (
				66B06C741E09A46500F203F6 /* Alamofire.framework in Embed Frameworks */,
				66B06C7C1E09A87400F203F6 /* PromiseKit.framework in Embed Frameworks */,
				66B06C7A1E09A87400F203F6 /* PMKAlamofire.framework in Embed Frameworks */,
				66B06C761E09A46500F203F6 /* SwiftyJSON.framework in Embed Frameworks */,
			);
			name = "Embed Frameworks";
			runOnlyForDeploymentPostprocessing = 0;
		};
		66837E271E08A42D00F70E8D /* CopyFiles */ = {
			isa = PBXCopyFilesBuildPhase;
			buildActionMask = 2147483647;
			dstPath = "";
			dstSubfolderSpec = 16;
			files = (
				66B06C821E09B46A00F203F6 /* PMKAlamofire.framework.dSYM in CopyFiles */,
				66B06C831E09B46A00F203F6 /* PromiseKit.framework.dSYM in CopyFiles */,
				66B06C701E09A45700F203F6 /* SwiftyJSON.framework.dSYM in CopyFiles */,
				66B06C6F1E09A45700F203F6 /* Alamofire.framework.dSYM in CopyFiles */,
			);
			runOnlyForDeploymentPostprocessing = 0;
		};
/* End PBXCopyFilesBuildPhase section */

/* Begin PBXFileReference section */
		661493621E0DA33F000B87C8 /* GithubPollerTests.swift */ = {isa = PBXFileReference; fileEncoding = 4; lastKnownFileType = sourcecode.swift; path = GithubPollerTests.swift; sourceTree = "<group>"; };
		661493641E0DA715000B87C8 /* notifications.json */ = {isa = PBXFileReference; fileEncoding = 4; lastKnownFileType = text.json; name = notifications.json; path = fixtures/notifications.json; sourceTree = "<group>"; };
		662882251E0B058200589D1E /* RSResolutionCheckboxCell.swift */ = {isa = PBXFileReference; fileEncoding = 4; lastKnownFileType = sourcecode.swift; path = RSResolutionCheckboxCell.swift; sourceTree = "<group>"; };
		662B928A1E0C679100CEDD09 /* ResolutionsSourceViewController.swift */ = {isa = PBXFileReference; fileEncoding = 4; lastKnownFileType = sourcecode.swift; name = ResolutionsSourceViewController.swift; path = Resolutions/Views/ResolutionsSourceViewController.swift; sourceTree = SOURCE_ROOT; };
		662B928C1E0C836B00CEDD09 /* ResolutionsSplitViewController.swift */ = {isa = PBXFileReference; fileEncoding = 4; lastKnownFileType = sourcecode.swift; name = ResolutionsSplitViewController.swift; path = Resolutions/Views/ResolutionsSplitViewController.swift; sourceTree = SOURCE_ROOT; };
		662ED6341E95A48C007E0E39 /* GithubEvent.swift */ = {isa = PBXFileReference; fileEncoding = 4; lastKnownFileType = sourcecode.swift; path = GithubEvent.swift; sourceTree = "<group>"; };
		66443A9F1E931D0C006A269D /* ResolutionMO+CoreDataClass.swift */ = {isa = PBXFileReference; fileEncoding = 4; lastKnownFileType = sourcecode.swift; path = "ResolutionMO+CoreDataClass.swift"; sourceTree = "<group>"; };
		66443AA01E931D0C006A269D /* ResolutionMO+CoreDataProperties.swift */ = {isa = PBXFileReference; fileEncoding = 4; lastKnownFileType = sourcecode.swift; path = "ResolutionMO+CoreDataProperties.swift"; sourceTree = "<group>"; };
		66443AA51E94625F006A269D /* ResolutionsTableViewController.swift */ = {isa = PBXFileReference; fileEncoding = 4; lastKnownFileType = sourcecode.swift; name = ResolutionsTableViewController.swift; path = Resolutions/Views/ResolutionsTableViewController.swift; sourceTree = SOURCE_ROOT; };
		6646772B1E09A25F009C8156 /* GithubAPIClient.swift */ = {isa = PBXFileReference; fileEncoding = 4; lastKnownFileType = sourcecode.swift; path = GithubAPIClient.swift; sourceTree = "<group>"; };
		6670B6911E9DA27300C83F6D /* GithubLabel.swift */ = {isa = PBXFileReference; fileEncoding = 4; lastKnownFileType = sourcecode.swift; path = GithubLabel.swift; sourceTree = "<group>"; };
		66837E031E089C2700F70E8D /* Resolutions.app */ = {isa = PBXFileReference; explicitFileType = wrapper.application; includeInIndex = 0; path = Resolutions.app; sourceTree = BUILT_PRODUCTS_DIR; };
		66837E061E089C2700F70E8D /* AppDelegate.swift */ = {isa = PBXFileReference; lastKnownFileType = sourcecode.swift; path = AppDelegate.swift; sourceTree = "<group>"; };
		66837E0A1E089C2700F70E8D /* Assets.xcassets */ = {isa = PBXFileReference; lastKnownFileType = folder.assetcatalog; path = Assets.xcassets; sourceTree = "<group>"; };
		66837E0D1E089C2700F70E8D /* Base */ = {isa = PBXFileReference; lastKnownFileType = file.storyboard; name = Base; path = Base.lproj/Main.storyboard; sourceTree = "<group>"; };
		66837E0F1E089C2700F70E8D /* Info.plist */ = {isa = PBXFileReference; lastKnownFileType = text.plist.xml; path = Info.plist; sourceTree = "<group>"; };
		66837E141E089C2700F70E8D /* ResolutionsTests.xctest */ = {isa = PBXFileReference; explicitFileType = wrapper.cfbundle; includeInIndex = 0; path = ResolutionsTests.xctest; sourceTree = BUILT_PRODUCTS_DIR; };
		66837E181E089C2700F70E8D /* ResolutionsTests.swift */ = {isa = PBXFileReference; lastKnownFileType = sourcecode.swift; path = ResolutionsTests.swift; sourceTree = "<group>"; };
		66837E1A1E089C2700F70E8D /* Info.plist */ = {isa = PBXFileReference; lastKnownFileType = text.plist.xml; path = Info.plist; sourceTree = "<group>"; };
		668484841E09E33F00119C07 /* GithubPoller.swift */ = {isa = PBXFileReference; fileEncoding = 4; lastKnownFileType = sourcecode.swift; path = GithubPoller.swift; sourceTree = "<group>"; };
		668484861E09E6E400119C07 /* ResolutionsPlayground.playground */ = {isa = PBXFileReference; lastKnownFileType = file.playground; path = ResolutionsPlayground.playground; sourceTree = "<group>"; };
		6695D06E1E92CDAE0057E54B /* MainWindowViewController.swift */ = {isa = PBXFileReference; fileEncoding = 4; lastKnownFileType = sourcecode.swift; path = MainWindowViewController.swift; sourceTree = "<group>"; };
		669AE2AC1E98258D0060FF3D /* GithubActor.swift */ = {isa = PBXFileReference; fileEncoding = 4; lastKnownFileType = sourcecode.swift; path = GithubActor.swift; sourceTree = "<group>"; };
		669AE2AE1E9C47650060FF3D /* GithubIssue.swift */ = {isa = PBXFileReference; fileEncoding = 4; lastKnownFileType = sourcecode.swift; path = GithubIssue.swift; sourceTree = "<group>"; };
		669AE2B01E9C503A0060FF3D /* JSONBacked.swift */ = {isa = PBXFileReference; fileEncoding = 4; lastKnownFileType = sourcecode.swift; path = JSONBacked.swift; sourceTree = "<group>"; };
		66A77D051E09D4E2009602B7 /* RequestPoller.swift */ = {isa = PBXFileReference; fileEncoding = 4; lastKnownFileType = sourcecode.swift; path = RequestPoller.swift; sourceTree = "<group>"; };
		66AF24E21E0DBB23003E604C /* issueCommentEvents.json */ = {isa = PBXFileReference; fileEncoding = 4; lastKnownFileType = text.json; name = issueCommentEvents.json; path = fixtures/issueCommentEvents.json; sourceTree = "<group>"; };
		66AF24E41E0DCE56003E604C /* magicIssueCommentEvents.json */ = {isa = PBXFileReference; fileEncoding = 4; lastKnownFileType = text.json; name = magicIssueCommentEvents.json; path = fixtures/magicIssueCommentEvents.json; sourceTree = "<group>"; };
		66B06C6D1E09A45700F203F6 /* Alamofire.framework.dSYM */ = {isa = PBXFileReference; lastKnownFileType = wrapper.dsym; name = Alamofire.framework.dSYM; path = Carthage/Build/Mac/Alamofire.framework.dSYM; sourceTree = "<group>"; };
		66B06C6E1E09A45700F203F6 /* SwiftyJSON.framework.dSYM */ = {isa = PBXFileReference; lastKnownFileType = wrapper.dsym; name = SwiftyJSON.framework.dSYM; path = Carthage/Build/Mac/SwiftyJSON.framework.dSYM; sourceTree = "<group>"; };
		66B06C711E09A46500F203F6 /* Alamofire.framework */ = {isa = PBXFileReference; lastKnownFileType = wrapper.framework; name = Alamofire.framework; path = Carthage/Build/Mac/Alamofire.framework; sourceTree = "<group>"; };
		66B06C721E09A46500F203F6 /* SwiftyJSON.framework */ = {isa = PBXFileReference; lastKnownFileType = wrapper.framework; name = SwiftyJSON.framework; path = Carthage/Build/Mac/SwiftyJSON.framework; sourceTree = "<group>"; };
		66B06C771E09A87400F203F6 /* PMKAlamofire.framework */ = {isa = PBXFileReference; lastKnownFileType = wrapper.framework; name = PMKAlamofire.framework; path = Carthage/Build/Mac/PMKAlamofire.framework; sourceTree = "<group>"; };
		66B06C781E09A87400F203F6 /* PromiseKit.framework */ = {isa = PBXFileReference; lastKnownFileType = wrapper.framework; name = PromiseKit.framework; path = Carthage/Build/Mac/PromiseKit.framework; sourceTree = "<group>"; };
		66B06C7D1E09B12000F203F6 /* RSPreferencesViewController.swift */ = {isa = PBXFileReference; fileEncoding = 4; lastKnownFileType = sourcecode.swift; path = RSPreferencesViewController.swift; sourceTree = "<group>"; };
		66B06C7F1E09B46A00F203F6 /* PMKAlamofire.framework.dSYM */ = {isa = PBXFileReference; lastKnownFileType = wrapper.dsym; name = PMKAlamofire.framework.dSYM; path = Carthage/Build/Mac/PMKAlamofire.framework.dSYM; sourceTree = "<group>"; };
		66B06C801E09B46A00F203F6 /* PromiseKit.framework.dSYM */ = {isa = PBXFileReference; lastKnownFileType = wrapper.dsym; name = PromiseKit.framework.dSYM; path = Carthage/Build/Mac/PromiseKit.framework.dSYM; sourceTree = "<group>"; };
		66B06C811E09B46A00F203F6 /* SwiftyJSON.framework.dSYM */ = {isa = PBXFileReference; lastKnownFileType = wrapper.dsym; name = SwiftyJSON.framework.dSYM; path = Carthage/Build/Mac/SwiftyJSON.framework.dSYM; sourceTree = "<group>"; };
		66B37A641E92B02D00FDC343 /* DataModel.xcdatamodel */ = {isa = PBXFileReference; lastKnownFileType = wrapper.xcdatamodel; path = DataModel.xcdatamodel; sourceTree = "<group>"; };
		66B3E01D1E0B4F7100D66F43 /* NSRegularExpression+Resolutions.swift */ = {isa = PBXFileReference; fileEncoding = 4; lastKnownFileType = sourcecode.swift; path = "NSRegularExpression+Resolutions.swift"; sourceTree = "<group>"; };
		66D2CF6A1E92E8020030FD54 /* GithubRepoMO+Resolutions.swift */ = {isa = PBXFileReference; fileEncoding = 4; lastKnownFileType = sourcecode.swift; path = "GithubRepoMO+Resolutions.swift"; sourceTree = "<group>"; };
		66D2CF6E1E92FB7F0030FD54 /* GithubNotification.swift */ = {isa = PBXFileReference; fileEncoding = 4; lastKnownFileType = sourcecode.swift; path = GithubNotification.swift; sourceTree = "<group>"; };
		66F469281E08FDD900E1D80C /* RSWindowController.swift */ = {isa = PBXFileReference; fileEncoding = 4; lastKnownFileType = sourcecode.swift; path = RSWindowController.swift; sourceTree = "<group>"; };
/* End PBXFileReference section */

/* Begin PBXFrameworksBuildPhase section */
		66837E001E089C2700F70E8D /* Frameworks */ = {
			isa = PBXFrameworksBuildPhase;
			buildActionMask = 2147483647;
			files = (
				66B06C731E09A46500F203F6 /* Alamofire.framework in Frameworks */,
				66B06C7B1E09A87400F203F6 /* PromiseKit.framework in Frameworks */,
				66B06C791E09A87400F203F6 /* PMKAlamofire.framework in Frameworks */,
				66B06C751E09A46500F203F6 /* SwiftyJSON.framework in Frameworks */,
			);
			runOnlyForDeploymentPostprocessing = 0;
		};
		66837E111E089C2700F70E8D /* Frameworks */ = {
			isa = PBXFrameworksBuildPhase;
			buildActionMask = 2147483647;
			files = (
			);
			runOnlyForDeploymentPostprocessing = 0;
		};
/* End PBXFrameworksBuildPhase section */

/* Begin PBXGroup section */
		66837DFA1E089C2700F70E8D = {
			isa = PBXGroup;
			children = (
				668484861E09E6E400119C07 /* ResolutionsPlayground.playground */,
				66B06C7F1E09B46A00F203F6 /* PMKAlamofire.framework.dSYM */,
				66B06C801E09B46A00F203F6 /* PromiseKit.framework.dSYM */,
				66B06C811E09B46A00F203F6 /* SwiftyJSON.framework.dSYM */,
				66B06C771E09A87400F203F6 /* PMKAlamofire.framework */,
				66B06C781E09A87400F203F6 /* PromiseKit.framework */,
				66B06C711E09A46500F203F6 /* Alamofire.framework */,
				66B06C721E09A46500F203F6 /* SwiftyJSON.framework */,
				66B06C6D1E09A45700F203F6 /* Alamofire.framework.dSYM */,
				66B06C6E1E09A45700F203F6 /* SwiftyJSON.framework.dSYM */,
				66837E051E089C2700F70E8D /* Resolutions */,
				66837E171E089C2700F70E8D /* ResolutionsTests */,
				66837E041E089C2700F70E8D /* Products */,
			);
			sourceTree = "<group>";
		};
		66837E041E089C2700F70E8D /* Products */ = {
			isa = PBXGroup;
			children = (
				66837E031E089C2700F70E8D /* Resolutions.app */,
				66837E141E089C2700F70E8D /* ResolutionsTests.xctest */,
			);
			name = Products;
			sourceTree = "<group>";
		};
		66837E051E089C2700F70E8D /* Resolutions */ = {
			isa = PBXGroup;
			children = (
				66B37A5F1E92A9BD00FDC343 /* Extensions */,
				66F4692C1E08FE7300E1D80C /* Views */,
				66CCD36B1E08B2B800F4134F /* Scenes */,
				66837E2C1E08A59E00F70E8D /* Models */,
				66837E061E089C2700F70E8D /* AppDelegate.swift */,
				66837E0A1E089C2700F70E8D /* Assets.xcassets */,
				66837E0C1E089C2700F70E8D /* Main.storyboard */,
				66837E0F1E089C2700F70E8D /* Info.plist */,
			);
			path = Resolutions;
			sourceTree = "<group>";
		};
		66837E171E089C2700F70E8D /* ResolutionsTests */ = {
			isa = PBXGroup;
			children = (
				66837E181E089C2700F70E8D /* ResolutionsTests.swift */,
				661493641E0DA715000B87C8 /* notifications.json */,
				66AF24E21E0DBB23003E604C /* issueCommentEvents.json */,
				66AF24E41E0DCE56003E604C /* magicIssueCommentEvents.json */,
				66837E1A1E089C2700F70E8D /* Info.plist */,
				661493621E0DA33F000B87C8 /* GithubPollerTests.swift */,
			);
			path = ResolutionsTests;
			sourceTree = "<group>";
		};
		66837E2C1E08A59E00F70E8D /* Models */ = {
			isa = PBXGroup;
			children = (
				66B37A631E92B02D00FDC343 /* DataModel.xcdatamodeld */,
				668484841E09E33F00119C07 /* GithubPoller.swift */,
				6670B6911E9DA27300C83F6D /* GithubLabel.swift */,
				66A77D051E09D4E2009602B7 /* RequestPoller.swift */,
				66D2CF6E1E92FB7F0030FD54 /* GithubNotification.swift */,
				669AE2B01E9C503A0060FF3D /* JSONBacked.swift */,
				669AE2AE1E9C47650060FF3D /* GithubIssue.swift */,
				669AE2AC1E98258D0060FF3D /* GithubActor.swift */,
				662ED6341E95A48C007E0E39 /* GithubEvent.swift */,
				6646772B1E09A25F009C8156 /* GithubAPIClient.swift */,
			);
			path = Models;
			sourceTree = "<group>";
		};
		66B37A5F1E92A9BD00FDC343 /* Extensions */ = {
			isa = PBXGroup;
			children = (
				66443A9F1E931D0C006A269D /* ResolutionMO+CoreDataClass.swift */,
				66443AA01E931D0C006A269D /* ResolutionMO+CoreDataProperties.swift */,
				66B3E01D1E0B4F7100D66F43 /* NSRegularExpression+Resolutions.swift */,
				66D2CF6A1E92E8020030FD54 /* GithubRepoMO+Resolutions.swift */,
			);
			path = Extensions;
			sourceTree = "<group>";
		};
		66CCD36B1E08B2B800F4134F /* Scenes */ = {
			isa = PBXGroup;
			children = (
				6695D06E1E92CDAE0057E54B /* MainWindowViewController.swift */,
			);
			path = Scenes;
			sourceTree = "<group>";
		};
		66F4692C1E08FE7300E1D80C /* Views */ = {
			isa = PBXGroup;
			children = (
				662B928A1E0C679100CEDD09 /* ResolutionsSourceViewController.swift */,
				662B928C1E0C836B00CEDD09 /* ResolutionsSplitViewController.swift */,
				662882251E0B058200589D1E /* RSResolutionCheckboxCell.swift */,
				66443AA51E94625F006A269D /* ResolutionsTableViewController.swift */,
				66B06C7D1E09B12000F203F6 /* RSPreferencesViewController.swift */,
				66F469281E08FDD900E1D80C /* RSWindowController.swift */,
			);
			path = Views;
			sourceTree = "<group>";
		};
/* End PBXGroup section */

/* Begin PBXNativeTarget section */
		66837E021E089C2700F70E8D /* Resolutions */ = {
			isa = PBXNativeTarget;
			buildConfigurationList = 66837E1D1E089C2700F70E8D /* Build configuration list for PBXNativeTarget "Resolutions" */;
			buildPhases = (
				66837DFF1E089C2700F70E8D /* Sources */,
				66837E001E089C2700F70E8D /* Frameworks */,
				66837E011E089C2700F70E8D /* Resources */,
				66837E261E08A42100F70E8D /* Embed Frameworks */,
				66837E271E08A42D00F70E8D /* CopyFiles */,
			);
			buildRules = (
			);
			dependencies = (
			);
			name = Resolutions;
			productName = Resolutions;
			productReference = 66837E031E089C2700F70E8D /* Resolutions.app */;
			productType = "com.apple.product-type.application";
		};
		66837E131E089C2700F70E8D /* ResolutionsTests */ = {
			isa = PBXNativeTarget;
			buildConfigurationList = 66837E201E089C2700F70E8D /* Build configuration list for PBXNativeTarget "ResolutionsTests" */;
			buildPhases = (
				66837E101E089C2700F70E8D /* Sources */,
				66837E111E089C2700F70E8D /* Frameworks */,
				66837E121E089C2700F70E8D /* Resources */,
			);
			buildRules = (
			);
			dependencies = (
				66837E161E089C2700F70E8D /* PBXTargetDependency */,
			);
			name = ResolutionsTests;
			productName = ResolutionsTests;
			productReference = 66837E141E089C2700F70E8D /* ResolutionsTests.xctest */;
			productType = "com.apple.product-type.bundle.unit-test";
		};
/* End PBXNativeTarget section */

/* Begin PBXProject section */
		66837DFB1E089C2700F70E8D /* Project object */ = {
			isa = PBXProject;
			attributes = {
				LastSwiftUpdateCheck = 0820;
				LastUpgradeCheck = 0820;
				ORGANIZATIONNAME = "Daniel Ma";
				TargetAttributes = {
					66837E021E089C2700F70E8D = {
						CreatedOnToolsVersion = 8.2;
						DevelopmentTeam = 9ZS2BN65E9;
						ProvisioningStyle = Automatic;
					};
					66837E131E089C2700F70E8D = {
						CreatedOnToolsVersion = 8.2;
						DevelopmentTeam = 9ZS2BN65E9;
						ProvisioningStyle = Automatic;
						TestTargetID = 66837E021E089C2700F70E8D;
					};
				};
			};
			buildConfigurationList = 66837DFE1E089C2700F70E8D /* Build configuration list for PBXProject "Resolutions" */;
			compatibilityVersion = "Xcode 3.2";
			developmentRegion = English;
			hasScannedForEncodings = 0;
			knownRegions = (
				en,
				Base,
			);
			mainGroup = 66837DFA1E089C2700F70E8D;
			productRefGroup = 66837E041E089C2700F70E8D /* Products */;
			projectDirPath = "";
			projectRoot = "";
			targets = (
				66837E021E089C2700F70E8D /* Resolutions */,
				66837E131E089C2700F70E8D /* ResolutionsTests */,
			);
		};
/* End PBXProject section */

/* Begin PBXResourcesBuildPhase section */
		66837E011E089C2700F70E8D /* Resources */ = {
			isa = PBXResourcesBuildPhase;
			buildActionMask = 2147483647;
			files = (
				66837E0B1E089C2700F70E8D /* Assets.xcassets in Resources */,
				66837E0E1E089C2700F70E8D /* Main.storyboard in Resources */,
			);
			runOnlyForDeploymentPostprocessing = 0;
		};
		66837E121E089C2700F70E8D /* Resources */ = {
			isa = PBXResourcesBuildPhase;
			buildActionMask = 2147483647;
			files = (
				661493651E0DA715000B87C8 /* notifications.json in Resources */,
				66AF24E51E0DCE56003E604C /* magicIssueCommentEvents.json in Resources */,
				66AF24E31E0DBB23003E604C /* issueCommentEvents.json in Resources */,
			);
			runOnlyForDeploymentPostprocessing = 0;
		};
/* End PBXResourcesBuildPhase section */

/* Begin PBXSourcesBuildPhase section */
		66837DFF1E089C2700F70E8D /* Sources */ = {
			isa = PBXSourcesBuildPhase;
			buildActionMask = 2147483647;
			files = (
				6695D06F1E92CDAE0057E54B /* MainWindowViewController.swift in Sources */,
				662ED6351E95A48C007E0E39 /* GithubEvent.swift in Sources */,
				662B928D1E0C836B00CEDD09 /* ResolutionsSplitViewController.swift in Sources */,
				6664C59F1E9D7FD70067C6E3 /* DataModel.xcdatamodeld in Sources */,
				66B3E01E1E0B4F7100D66F43 /* NSRegularExpression+Resolutions.swift in Sources */,
				669AE2B11E9C503A0060FF3D /* JSONBacked.swift in Sources */,
				668484851E09E33F00119C07 /* GithubPoller.swift in Sources */,
				6670B6921E9DA27300C83F6D /* GithubLabel.swift in Sources */,
				66D2CF6F1E92FB7F0030FD54 /* GithubNotification.swift in Sources */,
				66443AA61E94625F006A269D /* ResolutionsTableViewController.swift in Sources */,
				6646772C1E09A25F009C8156 /* GithubAPIClient.swift in Sources */,
				662B928B1E0C679100CEDD09 /* ResolutionsSourceViewController.swift in Sources */,
				66837E071E089C2700F70E8D /* AppDelegate.swift in Sources */,
				66D2CF6B1E92E8020030FD54 /* GithubRepoMO+Resolutions.swift in Sources */,
				66443AA11E931D0C006A269D /* ResolutionMO+CoreDataClass.swift in Sources */,
				66B06C7E1E09B12000F203F6 /* RSPreferencesViewController.swift in Sources */,
				669AE2AD1E98258D0060FF3D /* GithubActor.swift in Sources */,
				66443AA21E931D0C006A269D /* ResolutionMO+CoreDataProperties.swift in Sources */,
				66F4692A1E08FDD900E1D80C /* RSWindowController.swift in Sources */,
				669AE2AF1E9C47650060FF3D /* GithubIssue.swift in Sources */,
				662882261E0B058200589D1E /* RSResolutionCheckboxCell.swift in Sources */,
				66A77D061E09D4E2009602B7 /* RequestPoller.swift in Sources */,
			);
			runOnlyForDeploymentPostprocessing = 0;
		};
		66837E101E089C2700F70E8D /* Sources */ = {
			isa = PBXSourcesBuildPhase;
			buildActionMask = 2147483647;
			files = (
				661493631E0DA33F000B87C8 /* GithubPollerTests.swift in Sources */,
				66837E191E089C2700F70E8D /* ResolutionsTests.swift in Sources */,
			);
			runOnlyForDeploymentPostprocessing = 0;
		};
/* End PBXSourcesBuildPhase section */

/* Begin PBXTargetDependency section */
		66837E161E089C2700F70E8D /* PBXTargetDependency */ = {
			isa = PBXTargetDependency;
			target = 66837E021E089C2700F70E8D /* Resolutions */;
			targetProxy = 66837E151E089C2700F70E8D /* PBXContainerItemProxy */;
		};
/* End PBXTargetDependency section */

/* Begin PBXVariantGroup section */
		66837E0C1E089C2700F70E8D /* Main.storyboard */ = {
			isa = PBXVariantGroup;
			children = (
				66837E0D1E089C2700F70E8D /* Base */,
			);
			name = Main.storyboard;
			sourceTree = "<group>";
		};
/* End PBXVariantGroup section */

/* Begin XCBuildConfiguration section */
		66837E1B1E089C2700F70E8D /* Debug */ = {
			isa = XCBuildConfiguration;
			buildSettings = {
				ALWAYS_SEARCH_USER_PATHS = NO;
				CLANG_ANALYZER_NONNULL = YES;
				CLANG_CXX_LANGUAGE_STANDARD = "gnu++0x";
				CLANG_CXX_LIBRARY = "libc++";
				CLANG_ENABLE_MODULES = YES;
				CLANG_ENABLE_OBJC_ARC = YES;
				CLANG_WARN_BOOL_CONVERSION = YES;
				CLANG_WARN_CONSTANT_CONVERSION = YES;
				CLANG_WARN_DIRECT_OBJC_ISA_USAGE = YES_ERROR;
				CLANG_WARN_DOCUMENTATION_COMMENTS = YES;
				CLANG_WARN_EMPTY_BODY = YES;
				CLANG_WARN_ENUM_CONVERSION = YES;
				CLANG_WARN_INFINITE_RECURSION = YES;
				CLANG_WARN_INT_CONVERSION = YES;
				CLANG_WARN_OBJC_ROOT_CLASS = YES_ERROR;
				CLANG_WARN_SUSPICIOUS_MOVE = YES;
				CLANG_WARN_UNREACHABLE_CODE = YES;
				CLANG_WARN__DUPLICATE_METHOD_MATCH = YES;
				CODE_SIGN_IDENTITY = "-";
				COPY_PHASE_STRIP = NO;
				DEBUG_INFORMATION_FORMAT = dwarf;
				ENABLE_STRICT_OBJC_MSGSEND = YES;
				ENABLE_TESTABILITY = YES;
				GCC_C_LANGUAGE_STANDARD = gnu99;
				GCC_DYNAMIC_NO_PIC = NO;
				GCC_NO_COMMON_BLOCKS = YES;
				GCC_OPTIMIZATION_LEVEL = 0;
				GCC_PREPROCESSOR_DEFINITIONS = (
					"DEBUG=1",
					"$(inherited)",
				);
				GCC_WARN_64_TO_32_BIT_CONVERSION = YES;
				GCC_WARN_ABOUT_RETURN_TYPE = YES_ERROR;
				GCC_WARN_UNDECLARED_SELECTOR = YES;
				GCC_WARN_UNINITIALIZED_AUTOS = YES_AGGRESSIVE;
				GCC_WARN_UNUSED_FUNCTION = YES;
				GCC_WARN_UNUSED_VARIABLE = YES;
				MACOSX_DEPLOYMENT_TARGET = 10.12;
				MTL_ENABLE_DEBUG_INFO = YES;
				ONLY_ACTIVE_ARCH = YES;
				SDKROOT = macosx;
				SWIFT_ACTIVE_COMPILATION_CONDITIONS = DEBUG;
				SWIFT_OPTIMIZATION_LEVEL = "-Onone";
			};
			name = Debug;
		};
		66837E1C1E089C2700F70E8D /* Release */ = {
			isa = XCBuildConfiguration;
			buildSettings = {
				ALWAYS_SEARCH_USER_PATHS = NO;
				CLANG_ANALYZER_NONNULL = YES;
				CLANG_CXX_LANGUAGE_STANDARD = "gnu++0x";
				CLANG_CXX_LIBRARY = "libc++";
				CLANG_ENABLE_MODULES = YES;
				CLANG_ENABLE_OBJC_ARC = YES;
				CLANG_WARN_BOOL_CONVERSION = YES;
				CLANG_WARN_CONSTANT_CONVERSION = YES;
				CLANG_WARN_DIRECT_OBJC_ISA_USAGE = YES_ERROR;
				CLANG_WARN_DOCUMENTATION_COMMENTS = YES;
				CLANG_WARN_EMPTY_BODY = YES;
				CLANG_WARN_ENUM_CONVERSION = YES;
				CLANG_WARN_INFINITE_RECURSION = YES;
				CLANG_WARN_INT_CONVERSION = YES;
				CLANG_WARN_OBJC_ROOT_CLASS = YES_ERROR;
				CLANG_WARN_SUSPICIOUS_MOVE = YES;
				CLANG_WARN_UNREACHABLE_CODE = YES;
				CLANG_WARN__DUPLICATE_METHOD_MATCH = YES;
				CODE_SIGN_IDENTITY = "-";
				COPY_PHASE_STRIP = NO;
				DEBUG_INFORMATION_FORMAT = "dwarf-with-dsym";
				ENABLE_NS_ASSERTIONS = NO;
				ENABLE_STRICT_OBJC_MSGSEND = YES;
				GCC_C_LANGUAGE_STANDARD = gnu99;
				GCC_NO_COMMON_BLOCKS = YES;
				GCC_WARN_64_TO_32_BIT_CONVERSION = YES;
				GCC_WARN_ABOUT_RETURN_TYPE = YES_ERROR;
				GCC_WARN_UNDECLARED_SELECTOR = YES;
				GCC_WARN_UNINITIALIZED_AUTOS = YES_AGGRESSIVE;
				GCC_WARN_UNUSED_FUNCTION = YES;
				GCC_WARN_UNUSED_VARIABLE = YES;
				MACOSX_DEPLOYMENT_TARGET = 10.12;
				MTL_ENABLE_DEBUG_INFO = NO;
				SDKROOT = macosx;
				SWIFT_OPTIMIZATION_LEVEL = "-Owholemodule";
			};
			name = Release;
		};
		66837E1E1E089C2700F70E8D /* Debug */ = {
			isa = XCBuildConfiguration;
			buildSettings = {
				ASSETCATALOG_COMPILER_APPICON_NAME = AppIcon;
				CODE_SIGN_IDENTITY = "Mac Developer";
				COMBINE_HIDPI_IMAGES = YES;
				DEVELOPMENT_TEAM = 9ZS2BN65E9;
				FRAMEWORK_SEARCH_PATHS = (
					"$(inherited)",
					"$(PROJECT_DIR)/Carthage/Build/Mac",
				);
				INFOPLIST_FILE = Resolutions/Info.plist;
				LD_RUNPATH_SEARCH_PATHS = "$(inherited) @executable_path/../Frameworks";
				MACOSX_DEPLOYMENT_TARGET = 10.12;
				PRODUCT_BUNDLE_IDENTIFIER = com.danielma.Resolutions;
				PRODUCT_NAME = "$(TARGET_NAME)";
				SWIFT_VERSION = 3.0;
			};
			name = Debug;
		};
		66837E1F1E089C2700F70E8D /* Release */ = {
			isa = XCBuildConfiguration;
			buildSettings = {
				ASSETCATALOG_COMPILER_APPICON_NAME = AppIcon;
				CODE_SIGN_IDENTITY = "Mac Developer";
				COMBINE_HIDPI_IMAGES = YES;
				DEVELOPMENT_TEAM = 9ZS2BN65E9;
				FRAMEWORK_SEARCH_PATHS = (
					"$(inherited)",
					"$(PROJECT_DIR)/Carthage/Build/Mac",
				);
				INFOPLIST_FILE = Resolutions/Info.plist;
				LD_RUNPATH_SEARCH_PATHS = "$(inherited) @executable_path/../Frameworks";
				MACOSX_DEPLOYMENT_TARGET = 10.12;
				PRODUCT_BUNDLE_IDENTIFIER = com.danielma.Resolutions;
				PRODUCT_NAME = "$(TARGET_NAME)";
				SWIFT_VERSION = 3.0;
			};
			name = Release;
		};
		66837E211E089C2700F70E8D /* Debug */ = {
			isa = XCBuildConfiguration;
			buildSettings = {
				ALWAYS_EMBED_SWIFT_STANDARD_LIBRARIES = YES;
				BUNDLE_LOADER = "$(TEST_HOST)";
				COMBINE_HIDPI_IMAGES = YES;
				DEVELOPMENT_TEAM = 9ZS2BN65E9;
				FRAMEWORK_SEARCH_PATHS = (
					"$(inherited)",
					"$(PROJECT_DIR)/Carthage/Build/Mac",
				);
				INFOPLIST_FILE = ResolutionsTests/Info.plist;
				LD_RUNPATH_SEARCH_PATHS = "$(inherited) @executable_path/../Frameworks @loader_path/../Frameworks";
				PRODUCT_BUNDLE_IDENTIFIER = com.danielma.ResolutionsTests;
				PRODUCT_NAME = "$(TARGET_NAME)";
				SWIFT_VERSION = 3.0;
				TEST_HOST = "$(BUILT_PRODUCTS_DIR)/Resolutions.app/Contents/MacOS/Resolutions";
			};
			name = Debug;
		};
		66837E221E089C2700F70E8D /* Release */ = {
			isa = XCBuildConfiguration;
			buildSettings = {
				ALWAYS_EMBED_SWIFT_STANDARD_LIBRARIES = YES;
				BUNDLE_LOADER = "$(TEST_HOST)";
				COMBINE_HIDPI_IMAGES = YES;
				DEVELOPMENT_TEAM = 9ZS2BN65E9;
				FRAMEWORK_SEARCH_PATHS = (
					"$(inherited)",
					"$(PROJECT_DIR)/Carthage/Build/Mac",
				);
				INFOPLIST_FILE = ResolutionsTests/Info.plist;
				LD_RUNPATH_SEARCH_PATHS = "$(inherited) @executable_path/../Frameworks @loader_path/../Frameworks";
				PRODUCT_BUNDLE_IDENTIFIER = com.danielma.ResolutionsTests;
				PRODUCT_NAME = "$(TARGET_NAME)";
				SWIFT_VERSION = 3.0;
				TEST_HOST = "$(BUILT_PRODUCTS_DIR)/Resolutions.app/Contents/MacOS/Resolutions";
			};
			name = Release;
		};
/* End XCBuildConfiguration section */

/* Begin XCConfigurationList section */
		66837DFE1E089C2700F70E8D /* Build configuration list for PBXProject "Resolutions" */ = {
			isa = XCConfigurationList;
			buildConfigurations = (
				66837E1B1E089C2700F70E8D /* Debug */,
				66837E1C1E089C2700F70E8D /* Release */,
			);
			defaultConfigurationIsVisible = 0;
			defaultConfigurationName = Release;
		};
		66837E1D1E089C2700F70E8D /* Build configuration list for PBXNativeTarget "Resolutions" */ = {
			isa = XCConfigurationList;
			buildConfigurations = (
				66837E1E1E089C2700F70E8D /* Debug */,
				66837E1F1E089C2700F70E8D /* Release */,
			);
			defaultConfigurationIsVisible = 0;
			defaultConfigurationName = Release;
		};
		66837E201E089C2700F70E8D /* Build configuration list for PBXNativeTarget "ResolutionsTests" */ = {
			isa = XCConfigurationList;
			buildConfigurations = (
				66837E211E089C2700F70E8D /* Debug */,
				66837E221E089C2700F70E8D /* Release */,
			);
			defaultConfigurationIsVisible = 0;
			defaultConfigurationName = Release;
		};
/* End XCConfigurationList section */

/* Begin XCVersionGroup section */
		66B37A631E92B02D00FDC343 /* DataModel.xcdatamodeld */ = {
			isa = XCVersionGroup;
			children = (
				66B37A641E92B02D00FDC343 /* DataModel.xcdatamodel */,
			);
			currentVersion = 66B37A641E92B02D00FDC343 /* DataModel.xcdatamodel */;
			name = DataModel.xcdatamodeld;
			path = ../DataModel.xcdatamodeld;
			sourceTree = "<group>";
			versionGroupType = wrapper.xcdatamodel;
		};
/* End XCVersionGroup section */
	};
	rootObject = 66837DFB1E089C2700F70E8D /* Project object */;
}
